# This file is automatically @generated by Poetry 1.8.3 and should not be changed by hand.

[[package]]
name = "cowsay"
version = "6.1"
description = "The famous cowsay for GNU/Linux is now available for python"
optional = false
python-versions = ">=3.8"
files = [
    {file = "cowsay-6.1-py3-none-any.whl", hash = "sha256:274b1e6fc1b966d53976333eb90ac94cb07a450a700b455af9fbdf882244b30a"},
]

[metadata]
lock-version = "2.0"
python-versions = "^3.10"
content-hash = "cfbcde678ffe8b6cf099e62eb4cee462f46dfe550f4af5748bef5d24d68405b8"
